{
  "name": "testProjectBabylon",
  "version": "1.0.0",
  "lockfileVersion": 1,
  "requires": true,
  "dependencies": {
    "babylonjs": {
      "version": "3.3.0-alpha.13",
      "resolved": "https://registry.npmjs.org/babylonjs/-/babylonjs-3.3.0-alpha.13.tgz",
      "integrity": "sha512-pca5glQkWd2pUVsIrLSGJ7mNxZ+G7CM73RB/+1xPeckzLitDUkCd+gay/LrWLdEdiFSfbxfIvgU26WrMMamWAQ=="
    },
    "babylonjs-gltf2interface": {
      "version": "3.3.0-alpha.13",
      "resolved": "https://registry.npmjs.org/babylonjs-gltf2interface/-/babylonjs-gltf2interface-3.3.0-alpha.13.tgz",
      "integrity": "sha512-adxbbzXvDDYeceJ445CQmAXQhKk57gVu/r8+GkgDkhxRGApqXg6nLcNU1L8vwpHDIoUFgYIwpVZYgb25o4Rp8w=="
    },
    "babylonjs-gui": {
      "version": "3.3.0-alpha.13.1",
      "resolved": "https://registry.npmjs.org/babylonjs-gui/-/babylonjs-gui-3.3.0-alpha.13.1.tgz",
      "integrity": "sha512-Uuvq8rUTGvY4RziFxgHatqx6dhFe1GBQdxw1FQOlHo7ViLUgWtKuQ/p0OZDnMcNb1uTFdvSIqHgipxH6JAswow=="
    },
    "babylonjs-loaders": {
      "version": "3.3.0-alpha.13",
      "resolved": "https://registry.npmjs.org/babylonjs-loaders/-/babylonjs-loaders-3.3.0-alpha.13.tgz",
      "integrity": "sha512-cyuYtN1lqGBrA+WUuuZETgrklAeN7o0cLG0GivzFCvwHDXeZ+zs27Pn3kqccg2zGdYxHACP8vdgasyTBQ2VLcw==",
      "requires": {
        "babylonjs-gltf2interface": "3.3.0-alpha.13"
      }
    },
    "babylonjs-materials": {
      "version": "3.3.0-alpha.13",
      "resolved": "https://registry.npmjs.org/babylonjs-materials/-/babylonjs-materials-3.3.0-alpha.13.tgz",
      "integrity": "sha512-gGXLD+Y9piHwD3IFXC2DUrMjOgsvYiCiSqlb2uqVvgwRP0+Gb9ad0xQb9yy1ZUNlwiRiP066ereW4Fb2bmRzdA=="
    },
    "microsoft-speech-browser-sdk": {
      "version": "0.0.12",
      "resolved": "https://registry.npmjs.org/microsoft-speech-browser-sdk/-/microsoft-speech-browser-sdk-0.0.12.tgz",
      "integrity": "sha512-JYIR/WpaCyV1wk+4ff3kSJMqJFehbeApzG9CJxR+mN3z+4hFKGB/D5GaFsdN5WtRvnrekzUYSOv2nljMQb3Nwg=="
    },
    "typescript": {
      "version": "2.9.2",
      "resolved": "https://registry.npmjs.org/typescript/-/typescript-2.9.2.tgz",
      "integrity": "sha512-Gr4p6nFNaoufRIY4NMdpQRNmgxVIGMs4Fcu/ujdYk3nAZqk7supzBE9idmvfZIlH/Cuj//dvi+019qEue9lV0w=="
    }
  }
}
