{
  "name": "testProjectBabylon",
  "version": "1.0.0",
  "lockfileVersion": 1,
  "requires": true,
  "dependencies": {
    "babylonjs": {
      "version": "3.2.0",
      "resolved": "https://registry.npmjs.org/babylonjs/-/babylonjs-3.2.0.tgz",
      "integrity": "sha512-fTn8Zvhm95LuMFlk+q9R96sH37JoZI4aZvjAhzTcbaQMJfb5ey7yYgGRlUk/fW42DLQw4ALk59ra6JGCEJaADw=="
    },
    "babylonjs-gltf2interface": {
      "version": "3.2.0",
      "resolved": "https://registry.npmjs.org/babylonjs-gltf2interface/-/babylonjs-gltf2interface-3.2.0.tgz",
      "integrity": "sha512-+AA/OXJCX+0auczzHlJW+uJYaYT6Rkf+3dy1bzPr7pck7c69M2wdnY9hVwUriXoC3alI1CzOy+Ttgiwhxuk57g=="
    },
    "babylonjs-loaders": {
      "version": "3.2.0",
      "resolved": "https://registry.npmjs.org/babylonjs-loaders/-/babylonjs-loaders-3.2.0.tgz",
      "integrity": "sha512-7r6k1Nb699aSrtD7eEqBF5eoHhdno9XF89tzk/vw7fm1ATkvQ7+g/+qQe9OFh0SZTfLsU0ib3Vl0j4dECOEVog==",
      "requires": {
        "babylonjs-gltf2interface": "3.2.0"
      }
    },
    "babylonjs-materials": {
      "version": "3.2.0",
      "resolved": "https://registry.npmjs.org/babylonjs-materials/-/babylonjs-materials-3.2.0.tgz",
      "integrity": "sha512-G0G1FUqEb6IP1Xg07kNLvRALcPGd3w+Qw2+n9oNG0QQHnaVEClNBBwMuVOc5gcUx77latF1x8l+RRX0j4PbQVQ=="
    },
    "typescript": {
      "version": "2.9.2",
      "resolved": "https://registry.npmjs.org/typescript/-/typescript-2.9.2.tgz",
      "integrity": "sha512-Gr4p6nFNaoufRIY4NMdpQRNmgxVIGMs4Fcu/ujdYk3nAZqk7supzBE9idmvfZIlH/Cuj//dvi+019qEue9lV0w=="
    }
  }
}
